
Microsoft Visual Studio Solution File, Format Version 12.00
# Visual Studio Version 17
VisualStudioVersion = 17.11.35312.102
MinimumVisualStudioVersion = 10.0.40219.1
Project("{FAE04EC0-301F-11D3-BF4B-00C04F79EFBC}") = "WebservicesFeiertage", "WebservicesFeiertage\WebservicesFeiertage.csproj", "{97AF26D9-FAB8-4CB9-8ADC-714786E6F507}"
EndProject
Global
	GlobalSection(SolutionConfigurationPlatforms) = preSolution
		Debug|Any CPU = Debug|Any CPU
		Release|Any CPU = Release|Any CPU
	EndGlobalSection
	GlobalSection(ProjectConfigurationPlatforms) = postSolution
		{97AF26D9-FAB8-4CB9-8ADC-714786E6F507}.Debug|Any CPU.ActiveCfg = Debug|Any CPU
		{97AF26D9-FAB8-4CB9-8ADC-714786E6F507}.Debug|Any CPU.Build.0 = Debug|Any CPU
		{97AF26D9-FAB8-4CB9-8ADC-714786E6F507}.Release|Any CPU.ActiveCfg = Release|Any CPU
		{97AF26D9-FAB8-4CB9-8ADC-714786E6F507}.Release|Any CPU.Build.0 = Release|Any CPU
	EndGlobalSection
	GlobalSection(SolutionProperties) = preSolution
		HideSolutionNode = FALSE
	EndGlobalSection
	GlobalSection(ExtensibilityGlobals) = postSolution
		SolutionGuid = {364718CC-6BDE-4A87-88E3-534790C4323F}
	EndGlobalSection
EndGlobal
